
Microsoft Visual Studio Solution File, Format Version 12.00
# Visual Studio Version 16
VisualStudioVersion = 16.0.31729.503
MinimumVisualStudioVersion = 10.0.40219.1
Project("{FAE04EC0-301F-11D3-BF4B-00C04F79EFBC}") = "MCD_SystemIOWinForm", "MCD_SystemIOWinForm\MCD_SystemIOWinForm.csproj", "{FC01789D-C037-47BE-857C-597C5D25B243}"
EndProject
Global
	GlobalSection(SolutionConfigurationPlatforms) = preSolution
		Debug|Any CPU = Debug|Any CPU
		Release|Any CPU = Release|Any CPU
	EndGlobalSection
	GlobalSection(ProjectConfigurationPlatforms) = postSolution
		{FC01789D-C037-47BE-857C-597C5D25B243}.Debug|Any CPU.ActiveCfg = Debug|Any CPU
		{FC01789D-C037-47BE-857C-597C5D25B243}.Debug|Any CPU.Build.0 = Debug|Any CPU
		{FC01789D-C037-47BE-857C-597C5D25B243}.Release|Any CPU.ActiveCfg = Release|Any CPU
		{FC01789D-C037-47BE-857C-597C5D25B243}.Release|Any CPU.Build.0 = Release|Any CPU
	EndGlobalSection
	GlobalSection(SolutionProperties) = preSolution
		HideSolutionNode = FALSE
	EndGlobalSection
	GlobalSection(ExtensibilityGlobals) = postSolution
		SolutionGuid = {A8F990BE-B6BB-4C95-B99B-9E93A85EDA6B}
	EndGlobalSection
EndGlobal
